<?xml version="1.0" encoding="utf-8"?>
<Project ToolsVersion="4.0" xmlns="http://schemas.microsoft.com/developer/msbuild/2003">
  <ItemGroup>
    <Filter Include="Source Files">
      <UniqueIdentifier>{ce0a8f7b-2684-426d-baf9-0bb7ec4c5598}</UniqueIdentifier>
      <Extensions>cpp;c;cxx;rc;def;r;odl;hpj;bat;for;f90</Extensions>
    </Filter>
    <Filter Include="Resource Files">
      <UniqueIdentifier>{d9a06160-3b7c-41b3-886f-035a82d8ef17}</UniqueIdentifier>
      <Extensions>ico;cur;bmp;dlg;rc2;rct;bin;cnt;rtf;gif;jpg;jpeg;jpe</Extensions>
    </Filter>
  </ItemGroup>
  <ItemGroup>
    <ClCompile Include="Gsutil32.cpp">
      <Filter>Source Files</Filter>
    </ClCompile>
  </ItemGroup>
  <ItemGroup>
    <ResourceCompile Include="gsutil32.rc">
      <Filter>Source Files</Filter>
    </ResourceCompile>
  </ItemGroup>
  <ItemGroup>
    <ClInclude Include="..\gsioc32\gsioc32.h" />
  </ItemGroup>
  <ItemGroup>
    <CustomBuild Include="gsutil32.ico">
      <Filter>Resource Files</Filter>
    </CustomBuild>
    <CustomBuild Include="history.txt" />
  </ItemGroup>
  <ItemGroup>
    <Library Include="..\..\Util\Gsioc32.lib" />
  </ItemGroup>
</Project>